{
  "lockfileVersion": 1,
  "dependencies": {
    "cordova-plugin-statusbar": {
      "version": "2.4.1",
      "resolved": "https://registry.npmjs.org/cordova-plugin-statusbar/-/cordova-plugin-statusbar-2.4.1.tgz",
      "integrity": "sha1-IiYop4qlTTTUySeZACDQo7rOVUU="
    },
    "cordova-plugin-webviewcolor": {
      "version": "2.0.0",
      "resolved": "https://registry.npmjs.org/cordova-plugin-webviewcolor/-/cordova-plugin-webviewcolor-2.0.0.tgz",
      "integrity": "sha1-zS595R5rNDpARr07RDgwkhJGFJg="
    }
  }
}
